// !$*UTF8*$!
{
	archiveVersion = 1;
	classes = {
	};
	objectVersion = 46;
	objects = {

/* Begin PBXBuildFile section */
		21B60C6B1D619695004DCC51 /* main.m in Sources */ = {isa = PBXBuildFile; fileRef = 21B60C6A1D619695004DCC51 /* main.m */; };
		21B60C6E1D619695004DCC51 /* AppDelegate.m in Sources */ = {isa = PBXBuildFile; fileRef = 21B60C6D1D619695004DCC51 /* AppDelegate.m */; };
		21B60C711D619695004DCC51 /* ViewController.m in Sources */ = {isa = PBXBuildFile; fileRef = 21B60C701D619695004DCC51 /* ViewController.m */; };
		21B60C741D619695004DCC51 /* Main.storyboard in Resources */ = {isa = PBXBuildFile; fileRef = 21B60C721D619695004DCC51 /* Main.storyboard */; };
		21B60C761D619695004DCC51 /* Assets.xcassets in Resources */ = {isa = PBXBuildFile; fileRef = 21B60C751D619695004DCC51 /* Assets.xcassets */; };
		21B60C791D619695004DCC51 /* LaunchScreen.storyboard in Resources */ = {isa = PBXBuildFile; fileRef = 21B60C771D619695004DCC51 /* LaunchScreen.storyboard */; };
		21B60C821D619F4C004DCC51 /* NVUtils.m in Sources */ = {isa = PBXBuildFile; fileRef = 21B60C811D619F4C004DCC51 /* NVUtils.m */; };
/* End PBXBuildFile section */

/* Begin PBXFileReference section */
		21B60C661D619695004DCC51 /* NSLog.app */ = {isa = PBXFileReference; explicitFileType = wrapper.application; includeInIndex = 0; path = NSLog.app; sourceTree = BUILT_PRODUCTS_DIR; };
		21B60C6A1D619695004DCC51 /* main.m */ = {isa = PBXFileReference; lastKnownFileType = sourcecode.c.objc; path = main.m; sourceTree = "<group>"; };
		21B60C6C1D619695004DCC51 /* AppDelegate.h */ = {isa = PBXFileReference; lastKnownFileType = sourcecode.c.h; path = AppDelegate.h; sourceTree = "<group>"; };
		21B60C6D1D619695004DCC51 /* AppDelegate.m */ = {isa = PBXFileReference; lastKnownFileType = sourcecode.c.objc; path = AppDelegate.m; sourceTree = "<group>"; };
		21B60C6F1D619695004DCC51 /* ViewController.h */ = {isa = PBXFileReference; lastKnownFileType = sourcecode.c.h; path = ViewController.h; sourceTree = "<group>"; };
		21B60C701D619695004DCC51 /* ViewController.m */ = {isa = PBXFileReference; lastKnownFileType = sourcecode.c.objc; path = ViewController.m; sourceTree = "<group>"; };
		21B60C731D619695004DCC51 /* Base */ = {isa = PBXFileReference; lastKnownFileType = file.storyboard; name = Base; path = Base.lproj/Main.storyboard; sourceTree = "<group>"; };
		21B60C751D619695004DCC51 /* Assets.xcassets */ = {isa = PBXFileReference; lastKnownFileType = folder.assetcatalog; path = Assets.xcassets; sourceTree = "<group>"; };
		21B60C781D619695004DCC51 /* Base */ = {isa = PBXFileReference; lastKnownFileType = file.storyboard; name = Base; path = Base.lproj/LaunchScreen.storyboard; sourceTree = "<group>"; };
		21B60C7A1D619695004DCC51 /* Info.plist */ = {isa = PBXFileReference; lastKnownFileType = text.plist.xml; path = Info.plist; sourceTree = "<group>"; };
		21B60C801D619F4B004DCC51 /* NVUtils.h */ = {isa = PBXFileReference; fileEncoding = 4; lastKnownFileType = sourcecode.c.h; path = NVUtils.h; sourceTree = "<group>"; };
		21B60C811D619F4C004DCC51 /* NVUtils.m */ = {isa = PBXFileReference; fileEncoding = 4; lastKnownFileType = sourcecode.c.objc; path = NVUtils.m; sourceTree = "<group>"; };
/* End PBXFileReference section */

/* Begin PBXFrameworksBuildPhase section */
		21B60C631D619695004DCC51 /* Frameworks */ = {
			isa = PBXFrameworksBuildPhase;
			buildActionMask = 2147483647;
			files = (
			);
			runOnlyForDeploymentPostprocessing = 0;
		};
/* End PBXFrameworksBuildPhase section */

/* Begin PBXGroup section */
		21B60C5D1D619695004DCC51 = {
			isa = PBXGroup;
			children = (
				21B60C681D619695004DCC51 /* NSLog */,
				21B60C671D619695004DCC51 /* Products */,
			);
			sourceTree = "<group>";
		};
		21B60C671D619695004DCC51 /* Products */ = {
			isa = PBXGroup;
			children = (
				21B60C661D619695004DCC51 /* NSLog.app */,
			);
			name = Products;
			sourceTree = "<group>";
		};
		21B60C681D619695004DCC51 /* NSLog */ = {
			isa = PBXGroup;
			children = (
				21B60C6C1D619695004DCC51 /* AppDelegate.h */,
				21B60C6D1D619695004DCC51 /* AppDelegate.m */,
				21B60C6F1D619695004DCC51 /* ViewController.h */,
				21B60C701D619695004DCC51 /* ViewController.m */,
				21B60C721D619695004DCC51 /* Main.storyboard */,
				21B60C751D619695004DCC51 /* Assets.xcassets */,
				21B60C771D619695004DCC51 /* LaunchScreen.storyboard */,
				21B60C7A1D619695004DCC51 /* Info.plist */,
				21B60C691D619695004DCC51 /* Supporting Files */,
				21B60C801D619F4B004DCC51 /* NVUtils.h */,
				21B60C811D619F4C004DCC51 /* NVUtils.m */,
			);
			path = NSLog;
			sourceTree = "<group>";
		};
		21B60C691D619695004DCC51 /* Supporting Files */ = {
			isa = PBXGroup;
			children = (
				21B60C6A1D619695004DCC51 /* main.m */,
			);
			name = "Supporting Files";
			sourceTree = "<group>";
		};
/* End PBXGroup section */

/* Begin PBXNativeTarget section */
		21B60C651D619695004DCC51 /* NSLog */ = {
			isa = PBXNativeTarget;
			buildConfigurationList = 21B60C7D1D619695004DCC51 /* Build configuration list for PBXNativeTarget "NSLog" */;
			buildPhases = (
				21B60C621D619695004DCC51 /* Sources */,
				21B60C631D619695004DCC51 /* Frameworks */,
				21B60C641D619695004DCC51 /* Resources */,
			);
			buildRules = (
			);
			dependencies = (
			);
			name = NSLog;
			productName = NSLog;
			productReference = 21B60C661D619695004DCC51 /* NSLog.app */;
			productType = "com.apple.product-type.application";
		};
/* End PBXNativeTarget section */

/* Begin PBXProject section */
		21B60C5E1D619695004DCC51 /* Project object */ = {
			isa = PBXProject;
			attributes = {
				LastUpgradeCheck = 0720;
				ORGANIZATIONNAME = joyceshen;
				TargetAttributes = {
					21B60C651D619695004DCC51 = {
						CreatedOnToolsVersion = 7.2;
						DevelopmentTeam = B489NVYE6Z;
					};
				};
			};
			buildConfigurationList = 21B60C611D619695004DCC51 /* Build configuration list for PBXProject "NSLog" */;
			compatibilityVersion = "Xcode 3.2";
			developmentRegion = English;
			hasScannedForEncodings = 0;
			knownRegions = (
				en,
				Base,
			);
			mainGroup = 21B60C5D1D619695004DCC51;
			productRefGroup = 21B60C671D619695004DCC51 /* Products */;
			projectDirPath = "";
			projectRoot = "";
			targets = (
				21B60C651D619695004DCC51 /* NSLog */,
			);
		};
/* End PBXProject section */

/* Begin PBXResourcesBuildPhase section */
		21B60C641D619695004DCC51 /* Resources */ = {
			isa = PBXResourcesBuildPhase;
			buildActionMask = 2147483647;
			files = (
				21B60C791D619695004DCC51 /* LaunchScreen.storyboard in Resources */,
				21B60C761D619695004DCC51 /* Assets.xcassets in Resources */,
				21B60C741D619695004DCC51 /* Main.storyboard in Resources */,
			);
			runOnlyForDeploymentPostprocessing = 0;
		};
/* End PBXResourcesBuildPhase section */

/* Begin PBXSourcesBuildPhase section */
		21B60C621D619695004DCC51 /* Sources */ = {
			isa = PBXSourcesBuildPhase;
			buildActionMask = 2147483647;
			files = (
				21B60C711D619695004DCC51 /* ViewController.m in Sources */,
				21B60C821D619F4C004DCC51 /* NVUtils.m in Sources */,
				21B60C6E1D619695004DCC51 /* AppDelegate.m in Sources */,
				21B60C6B1D619695004DCC51 /* main.m in Sources */,
			);
			runOnlyForDeploymentPostprocessing = 0;
		};
/* End PBXSourcesBuildPhase section */

/* Begin PBXVariantGroup section */
		21B60C721D619695004DCC51 /* Main.storyboard */ = {
			isa = PBXVariantGroup;
			children = (
				21B60C731D619695004DCC51 /* Base */,
			);
			name = Main.storyboard;
			sourceTree = "<group>";
		};
		21B60C771D619695004DCC51 /* LaunchScreen.storyboard */ = {
			isa = PBXVariantGroup;
			children = (
				21B60C781D619695004DCC51 /* Base */,
			);
			name = LaunchScreen.storyboard;
			sourceTree = "<group>";
		};
/* End PBXVariantGroup section */

/* Begin XCBuildConfiguration section */
		21B60C7B1D619695004DCC51 /* Debug */ = {
			isa = XCBuildConfiguration;
			buildSettings = {
				ALWAYS_SEARCH_USER_PATHS = NO;
				CLANG_CXX_LANGUAGE_STANDARD = "gnu++0x";
				CLANG_CXX_LIBRARY = "libc++";
				CLANG_ENABLE_MODULES = YES;
				CLANG_ENABLE_OBJC_ARC = YES;
				CLANG_WARN_BOOL_CONVERSION = YES;
				CLANG_WARN_CONSTANT_CONVERSION = YES;
				CLANG_WARN_DIRECT_OBJC_ISA_USAGE = YES_ERROR;
				CLANG_WARN_EMPTY_BODY = YES;
				CLANG_WARN_ENUM_CONVERSION = YES;
				CLANG_WARN_INT_CONVERSION = YES;
				CLANG_WARN_OBJC_ROOT_CLASS = YES_ERROR;
				CLANG_WARN_UNREACHABLE_CODE = YES;
				CLANG_WARN__DUPLICATE_METHOD_MATCH = YES;
				"CODE_SIGN_IDENTITY[sdk=iphoneos*]" = "iPhone Developer";
				COPY_PHASE_STRIP = NO;
				DEBUG_INFORMATION_FORMAT = dwarf;
				ENABLE_STRICT_OBJC_MSGSEND = YES;
				ENABLE_TESTABILITY = YES;
				GCC_C_LANGUAGE_STANDARD = gnu99;
				GCC_DYNAMIC_NO_PIC = NO;
				GCC_NO_COMMON_BLOCKS = YES;
				GCC_OPTIMIZATION_LEVEL = 0;
				GCC_PREPROCESSOR_DEFINITIONS = (
					"DEBUG=1",
					"$(inherited)",
				);
				GCC_WARN_64_TO_32_BIT_CONVERSION = YES;
				GCC_WARN_ABOUT_RETURN_TYPE = YES_ERROR;
				GCC_WARN_UNDECLARED_SELECTOR = YES;
				GCC_WARN_UNINITIALIZED_AUTOS = YES_AGGRESSIVE;
				GCC_WARN_UNUSED_FUNCTION = YES;
				GCC_WARN_UNUSED_VARIABLE = YES;
				IPHONEOS_DEPLOYMENT_TARGET = 9.2;
				MTL_ENABLE_DEBUG_INFO = YES;
				ONLY_ACTIVE_ARCH = YES;
				SDKROOT = iphoneos;
			};
			name = Debug;
		};
		21B60C7C1D619695004DCC51 /* Release */ = {
			isa = XCBuildConfiguration;
			buildSettings = {
				ALWAYS_SEARCH_USER_PATHS = NO;
				CLANG_CXX_LANGUAGE_STANDARD = "gnu++0x";
				CLANG_CXX_LIBRARY = "libc++";
				CLANG_ENABLE_MODULES = YES;
				CLANG_ENABLE_OBJC_ARC = YES;
				CLANG_WARN_BOOL_CONVERSION = YES;
				CLANG_WARN_CONSTANT_CONVERSION = YES;
				CLANG_WARN_DIRECT_OBJC_ISA_USAGE = YES_ERROR;
				CLANG_WARN_EMPTY_BODY = YES;
				CLANG_WARN_ENUM_CONVERSION = YES;
				CLANG_WARN_INT_CONVERSION = YES;
				CLANG_WARN_OBJC_ROOT_CLASS = YES_ERROR;
				CLANG_WARN_UNREACHABLE_CODE = YES;
				CLANG_WARN__DUPLICATE_METHOD_MATCH = YES;
				"CODE_SIGN_IDENTITY[sdk=iphoneos*]" = "iPhone Developer";
				COPY_PHASE_STRIP = NO;
				DEBUG_INFORMATION_FORMAT = "dwarf-with-dsym";
				ENABLE_NS_ASSERTIONS = NO;
				ENABLE_STRICT_OBJC_MSGSEND = YES;
				GCC_C_LANGUAGE_STANDARD = gnu99;
				GCC_NO_COMMON_BLOCKS = YES;
				GCC_WARN_64_TO_32_BIT_CONVERSION = YES;
				GCC_WARN_ABOUT_RETURN_TYPE = YES_ERROR;
				GCC_WARN_UNDECLARED_SELECTOR = YES;
				GCC_WARN_UNINITIALIZED_AUTOS = YES_AGGRESSIVE;
				GCC_WARN_UNUSED_FUNCTION = YES;
				GCC_WARN_UNUSED_VARIABLE = YES;
				IPHONEOS_DEPLOYMENT_TARGET = 9.2;
				MTL_ENABLE_DEBUG_INFO = NO;
				SDKROOT = iphoneos;
				VALIDATE_PRODUCT = YES;
			};
			name = Release;
		};
		21B60C7E1D619695004DCC51 /* Debug */ = {
			isa = XCBuildConfiguration;
			buildSettings = {
				ASSETCATALOG_COMPILER_APPICON_NAME = AppIcon;
				INFOPLIST_FILE = NSLog/Info.plist;
				LD_RUNPATH_SEARCH_PATHS = "$(inherited) @executable_path/Frameworks";
				PRODUCT_BUNDLE_IDENTIFIER = NV.NSLog;
				PRODUCT_NAME = "$(TARGET_NAME)";
			};
			name = Debug;
		};
		21B60C7F1D619695004DCC51 /* Release */ = {
			isa = XCBuildConfiguration;
			buildSettings = {
				ASSETCATALOG_COMPILER_APPICON_NAME = AppIcon;
				INFOPLIST_FILE = NSLog/Info.plist;
				LD_RUNPATH_SEARCH_PATHS = "$(inherited) @executable_path/Frameworks";
				PRODUCT_BUNDLE_IDENTIFIER = NV.NSLog;
				PRODUCT_NAME = "$(TARGET_NAME)";
			};
			name = Release;
		};
/* End XCBuildConfiguration section */

/* Begin XCConfigurationList section */
		21B60C611D619695004DCC51 /* Build configuration list for PBXProject "NSLog" */ = {
			isa = XCConfigurationList;
			buildConfigurations = (
				21B60C7B1D619695004DCC51 /* Debug */,
				21B60C7C1D619695004DCC51 /* Release */,
			);
			defaultConfigurationIsVisible = 0;
			defaultConfigurationName = Release;
		};
		21B60C7D1D619695004DCC51 /* Build configuration list for PBXNativeTarget "NSLog" */ = {
			isa = XCConfigurationList;
			buildConfigurations = (
				21B60C7E1D619695004DCC51 /* Debug */,
				21B60C7F1D619695004DCC51 /* Release */,
			);
			defaultConfigurationIsVisible = 0;
		};
/* End XCConfigurationList section */
	};
	rootObject = 21B60C5E1D619695004DCC51 /* Project object */;
}
